{
  "version": 4,
  "terraform_version": "1.3.2",
  "serial": 638,
  "lineage": "f212d334-e3d5-2a44-3003-19b7ebf12970",
  "outputs": {},
  "resources": [
    {
      "module": "module.secure_network",
      "mode": "managed",
      "type": "azurerm_application_security_group",
      "name": "asg_01",
      "provider": "provider[\"registry.terraform.io/hashicorp/azurerm\"]",
      "instances": [
        {
          "schema_version": 0,
          "attributes": {
            "id": "/subscriptions/3ae8668e-2bbe-4c3b-9071-56bd8af648aa/resourceGroups/resource-group-01/providers/Microsoft.Network/applicationSecurityGroups/asg-01",
            "location": "eastus",
            "name": "asg-01",
            "resource_group_name": "resource-group-01",
            "tags": {},
            "timeouts": null
          },
          "sensitive_attributes": [],
          "private": "eyJlMmJmYjczMC1lY2FhLTExZTYtOGY4OC0zNDM2M2JjN2M0YzAiOnsiY3JlYXRlIjoxODAwMDAwMDAwMDAwLCJkZWxldGUiOjE4MDAwMDAwMDAwMDAsInJlYWQiOjMwMDAwMDAwMDAwMCwidXBkYXRlIjoxODAwMDAwMDAwMDAwfX0=",
          "dependencies": [
            "module.secure_network.azurerm_resource_group.rg_01"
          ]
        }
      ]
    },
    {
      "module": "module.secure_network",
      "mode": "managed",
      "type": "azurerm_resource_group",
      "name": "rg_01",
      "provider": "provider[\"registry.terraform.io/hashicorp/azurerm\"]",
      "instances": [
        {
          "schema_version": 0,
          "attributes": {
            "id": "/subscriptions/3ae8668e-2bbe-4c3b-9071-56bd8af648aa/resourceGroups/resource-group-01",
            "location": "eastus",
            "name": "resource-group-01",
            "tags": {},
            "timeouts": null
          },
          "sensitive_attributes": [],
          "private": "eyJlMmJmYjczMC1lY2FhLTExZTYtOGY4OC0zNDM2M2JjN2M0YzAiOnsiY3JlYXRlIjo1NDAwMDAwMDAwMDAwLCJkZWxldGUiOjU0MDAwMDAwMDAwMDAsInJlYWQiOjMwMDAwMDAwMDAwMCwidXBkYXRlIjo1NDAwMDAwMDAwMDAwfX0="
        }
      ]
    },
    {
      "module": "module.secure_network",
      "mode": "managed",
      "type": "azurerm_subnet",
      "name": "subnet_01",
      "provider": "provider[\"registry.terraform.io/hashicorp/azurerm\"]",
      "instances": [
        {
          "schema_version": 0,
          "attributes": {
            "address_prefix": "10.0.1.0/24",
            "address_prefixes": [
              "10.0.1.0/24"
            ],
            "delegation": [],
            "enforce_private_link_endpoint_network_policies": false,
            "enforce_private_link_service_network_policies": false,
            "id": "/subscriptions/3ae8668e-2bbe-4c3b-9071-56bd8af648aa/resourceGroups/resource-group-01/providers/Microsoft.Network/virtualNetworks/vnet-01/subnets/subnet-01",
            "name": "subnet-01",
            "resource_group_name": "resource-group-01",
            "service_endpoint_policy_ids": [],
            "service_endpoints": [],
            "timeouts": null,
            "virtual_network_name": "vnet-01"
          },
          "sensitive_attributes": [],
          "private": "eyJlMmJmYjczMC1lY2FhLTExZTYtOGY4OC0zNDM2M2JjN2M0YzAiOnsiY3JlYXRlIjoxODAwMDAwMDAwMDAwLCJkZWxldGUiOjE4MDAwMDAwMDAwMDAsInJlYWQiOjMwMDAwMDAwMDAwMCwidXBkYXRlIjoxODAwMDAwMDAwMDAwfX0=",
          "dependencies": [
            "module.secure_network.azurerm_resource_group.rg_01",
            "module.secure_network.azurerm_virtual_network.vnet_01"
          ]
        }
      ]
    },
    {
      "module": "module.secure_network",
      "mode": "managed",
      "type": "azurerm_virtual_network",
      "name": "vnet_01",
      "provider": "provider[\"registry.terraform.io/hashicorp/azurerm\"]",
      "instances": [
        {
          "schema_version": 0,
          "attributes": {
            "address_space": [
              "10.0.0.0/16"
            ],
            "bgp_community": "",
            "ddos_protection_plan": [],
            "dns_servers": [],
            "flow_timeout_in_minutes": 0,
            "guid": "50152521-81dd-4782-9115-4d68e04a80ab",
            "id": "/subscriptions/3ae8668e-2bbe-4c3b-9071-56bd8af648aa/resourceGroups/resource-group-01/providers/Microsoft.Network/virtualNetworks/vnet-01",
            "location": "eastus",
            "name": "vnet-01",
            "resource_group_name": "resource-group-01",
            "subnet": [
              {
                "address_prefix": "10.0.1.0/24",
                "id": "/subscriptions/3ae8668e-2bbe-4c3b-9071-56bd8af648aa/resourceGroups/resource-group-01/providers/Microsoft.Network/virtualNetworks/vnet-01/subnets/subnet-01",
                "name": "subnet-01",
                "security_group": ""
              }
            ],
            "tags": {},
            "timeouts": null,
            "vm_protection_enabled": false
          },
          "sensitive_attributes": [],
          "private": "eyJlMmJmYjczMC1lY2FhLTExZTYtOGY4OC0zNDM2M2JjN2M0YzAiOnsiY3JlYXRlIjoxODAwMDAwMDAwMDAwLCJkZWxldGUiOjE4MDAwMDAwMDAwMDAsInJlYWQiOjMwMDAwMDAwMDAwMCwidXBkYXRlIjoxODAwMDAwMDAwMDAwfX0=",
          "dependencies": [
            "module.secure_network.azurerm_resource_group.rg_01"
          ]
        }
      ]
    },
    {
      "module": "module.target_vm",
      "mode": "managed",
      "type": "azurerm_network_interface",
      "name": "nic_target",
      "provider": "provider[\"registry.terraform.io/hashicorp/azurerm\"]",
      "instances": [
        {
          "schema_version": 0,
          "attributes": {
            "applied_dns_servers": [],
            "dns_servers": [],
            "enable_accelerated_networking": false,
            "enable_ip_forwarding": false,
            "id": "/subscriptions/3ae8668e-2bbe-4c3b-9071-56bd8af648aa/resourceGroups/resource-group-01/providers/Microsoft.Network/networkInterfaces/nic-target",
            "internal_dns_name_label": "",
            "internal_domain_name_suffix": "eesrkug3qgbepeivjvuoasuavd.bx.internal.cloudapp.net",
            "ip_configuration": [
              {
                "gateway_load_balancer_frontend_ip_configuration_id": "",
                "name": "nic_configuration_target",
                "primary": true,
                "private_ip_address": "10.0.1.4",
                "private_ip_address_allocation": "Dynamic",
                "private_ip_address_version": "IPv4",
                "public_ip_address_id": "/subscriptions/3ae8668e-2bbe-4c3b-9071-56bd8af648aa/resourceGroups/resource-group-01/providers/Microsoft.Network/publicIPAddresses/public-ip-target",
                "subnet_id": "/subscriptions/3ae8668e-2bbe-4c3b-9071-56bd8af648aa/resourceGroups/resource-group-01/providers/Microsoft.Network/virtualNetworks/vnet-01/subnets/subnet-01"
              }
            ],
            "location": "eastus",
            "mac_address": "60-45-BD-D5-44-1F",
            "name": "nic-target",
            "private_ip_address": "10.0.1.4",
            "private_ip_addresses": [
              "10.0.1.4"
            ],
            "resource_group_name": "resource-group-01",
            "tags": {},
            "timeouts": null,
            "virtual_machine_id": "/subscriptions/3ae8668e-2bbe-4c3b-9071-56bd8af648aa/resourceGroups/resource-group-01/providers/Microsoft.Compute/virtualMachines/vm-target"
          },
          "sensitive_attributes": [],
          "private": "eyJlMmJmYjczMC1lY2FhLTExZTYtOGY4OC0zNDM2M2JjN2M0YzAiOnsiY3JlYXRlIjoxODAwMDAwMDAwMDAwLCJkZWxldGUiOjE4MDAwMDAwMDAwMDAsInJlYWQiOjMwMDAwMDAwMDAwMCwidXBkYXRlIjoxODAwMDAwMDAwMDAwfX0=",
          "dependencies": [
            "module.secure_network.azurerm_resource_group.rg_01",
            "module.secure_network.azurerm_subnet.subnet_01",
            "module.secure_network.azurerm_virtual_network.vnet_01",
            "module.target_vm.azurerm_public_ip.public_ip_target"
          ]
        }
      ]
    },
    {
      "module": "module.target_vm",
      "mode": "managed",
      "type": "azurerm_network_interface_application_security_group_association",
      "name": "asg_assoc_target",
      "provider": "provider[\"registry.terraform.io/hashicorp/azurerm\"]",
      "instances": [
        {
          "schema_version": 1,
          "attributes": {
            "application_security_group_id": "/subscriptions/3ae8668e-2bbe-4c3b-9071-56bd8af648aa/resourceGroups/resource-group-01/providers/Microsoft.Network/applicationSecurityGroups/asg-01",
            "id": "/subscriptions/3ae8668e-2bbe-4c3b-9071-56bd8af648aa/resourceGroups/resource-group-01/providers/Microsoft.Network/networkInterfaces/nic-target|/subscriptions/3ae8668e-2bbe-4c3b-9071-56bd8af648aa/resourceGroups/resource-group-01/providers/Microsoft.Network/applicationSecurityGroups/asg-01",
            "network_interface_id": "/subscriptions/3ae8668e-2bbe-4c3b-9071-56bd8af648aa/resourceGroups/resource-group-01/providers/Microsoft.Network/networkInterfaces/nic-target",
            "timeouts": null
          },
          "sensitive_attributes": [],
          "private": "eyJlMmJmYjczMC1lY2FhLTExZTYtOGY4OC0zNDM2M2JjN2M0YzAiOnsiY3JlYXRlIjoxODAwMDAwMDAwMDAwLCJkZWxldGUiOjE4MDAwMDAwMDAwMDAsInJlYWQiOjMwMDAwMDAwMDAwMCwidXBkYXRlIjoxODAwMDAwMDAwMDAwfSwic2NoZW1hX3ZlcnNpb24iOiIxIn0=",
          "dependencies": [
            "module.secure_network.azurerm_application_security_group.asg_01",
            "module.secure_network.azurerm_resource_group.rg_01",
            "module.secure_network.azurerm_subnet.subnet_01",
            "module.secure_network.azurerm_virtual_network.vnet_01",
            "module.target_vm.azurerm_network_interface.nic_target",
            "module.target_vm.azurerm_public_ip.public_ip_target"
          ]
        }
      ]
    },
    {
      "module": "module.target_vm",
      "mode": "managed",
      "type": "azurerm_public_ip",
      "name": "public_ip_target",
      "provider": "provider[\"registry.terraform.io/hashicorp/azurerm\"]",
      "instances": [
        {
          "schema_version": 0,
          "attributes": {
            "allocation_method": "Dynamic",
            "availability_zone": "No-Zone",
            "domain_name_label": null,
            "fqdn": null,
            "id": "/subscriptions/3ae8668e-2bbe-4c3b-9071-56bd8af648aa/resourceGroups/resource-group-01/providers/Microsoft.Network/publicIPAddresses/public-ip-target",
            "idle_timeout_in_minutes": 4,
            "ip_address": "23.101.131.228",
            "ip_tags": {},
            "ip_version": "IPv4",
            "location": "eastus",
            "name": "public-ip-target",
            "public_ip_prefix_id": null,
            "resource_group_name": "resource-group-01",
            "reverse_fqdn": null,
            "sku": "Basic",
            "sku_tier": "Regional",
            "tags": {},
            "timeouts": null,
            "zones": []
          },
          "sensitive_attributes": [],
          "private": "eyJlMmJmYjczMC1lY2FhLTExZTYtOGY4OC0zNDM2M2JjN2M0YzAiOnsiY3JlYXRlIjoxODAwMDAwMDAwMDAwLCJkZWxldGUiOjE4MDAwMDAwMDAwMDAsInJlYWQiOjMwMDAwMDAwMDAwMCwidXBkYXRlIjoxODAwMDAwMDAwMDAwfX0=",
          "dependencies": [
            "module.secure_network.azurerm_resource_group.rg_01"
          ]
        }
      ]
    }
  ],
  "check_results": []
}
